# This file is automatically @generated by Cargo.
# It is not intended for manual editing.
version = 3

[[package]]
name = "anyhow"
version = "1.0.84"
source = "registry+https://github.com/rust-lang/crates.io-index"
checksum = "18b8795de6d09abb2b178fa5a9e3bb10da935750f33449a132b328b9391b2c6a"

[[package]]
name = "searcher_txt"
version = "1.0.0"
dependencies = [
 "anyhow",
]
